
Microsoft Visual Studio Solution File, Format Version 12.00
Project("{FAE04EC0-301F-11D3-BF4B-00C04F79EFBC}") = "AiTalentGenome.Gateway", "AiTalentGenome.Gateway\AiTalentGenome.Gateway.csproj", "{CD7A5A85-3AB5-4C08-B093-ADCBC72967A1}"
EndProject
Global
	GlobalSection(SolutionConfigurationPlatforms) = preSolution
		Debug|Any CPU = Debug|Any CPU
		Release|Any CPU = Release|Any CPU
	EndGlobalSection
	GlobalSection(ProjectConfigurationPlatforms) = postSolution
		{CD7A5A85-3AB5-4C08-B093-ADCBC72967A1}.Debug|Any CPU.ActiveCfg = Debug|Any CPU
		{CD7A5A85-3AB5-4C08-B093-ADCBC72967A1}.Debug|Any CPU.Build.0 = Debug|Any CPU
		{CD7A5A85-3AB5-4C08-B093-ADCBC72967A1}.Release|Any CPU.ActiveCfg = Release|Any CPU
		{CD7A5A85-3AB5-4C08-B093-ADCBC72967A1}.Release|Any CPU.Build.0 = Release|Any CPU
	EndGlobalSection
EndGlobal
